<?xml version="1.0" encoding="utf-8"?>
<Project ToolsVersion="4.0" xmlns="http://schemas.microsoft.com/developer/msbuild/2003">
  <ItemGroup>
    <Filter Include="소스 파일">
      <UniqueIdentifier>{4FC737F1-C7A5-4376-A066-2A32D752A2FF}</UniqueIdentifier>
      <Extensions>cpp;c;cc;cxx;c++;cppm;ixx;def;odl;idl;hpj;bat;asm;asmx</Extensions>
    </Filter>
    <Filter Include="헤더 파일">
      <UniqueIdentifier>{93995380-89BD-4b04-88EB-625FBE52EBFB}</UniqueIdentifier>
      <Extensions>h;hh;hpp;hxx;h++;hm;inl;inc;ipp;xsd</Extensions>
    </Filter>
    <Filter Include="리소스 파일">
      <UniqueIdentifier>{67DA6AB6-F800-4c08-8B7A-83BB121AAD01}</UniqueIdentifier>
      <Extensions>rc;ico;cur;bmp;dlg;rc2;rct;bin;rgs;gif;jpg;jpeg;jpe;resx;tiff;tif;png;wav;mfcribbon-ms</Extensions>
    </Filter>
  </ItemGroup>
  <ItemGroup>
    <ClCompile Include="Programmers.cpp">
      <Filter>소스 파일</Filter>
    </ClCompile>
    <ClCompile Include="LV2\최대값과 최솟값\Source.cpp">
      <Filter>소스 파일</Filter>
    </ClCompile>
    <ClCompile Include="LV2\최솟값 만들기\Source.cpp">
      <Filter>소스 파일</Filter>
    </ClCompile>
    <ClCompile Include="LV2\올바른 괄호\Source.cpp">
      <Filter>소스 파일</Filter>
    </ClCompile>
    <ClCompile Include="LV2\이진 변환 반복하기\Source.cpp">
      <Filter>소스 파일</Filter>
    </ClCompile>
    <ClCompile Include="LV2\숫자의 표현\Source.cpp">
      <Filter>소스 파일</Filter>
    </ClCompile>
    <ClCompile Include="LV2\피보나치 수열\Source.cpp">
      <Filter>소스 파일</Filter>
    </ClCompile>
    <ClCompile Include="LV2\다음 큰 숫자\Source.cpp">
      <Filter>소스 파일</Filter>
    </ClCompile>
    <ClCompile Include="LV2\짝지어 제거하기\Source.cpp">
      <Filter>소스 파일</Filter>
    </ClCompile>
    <ClCompile Include="LV2\카펫\Source.cpp">
      <Filter>소스 파일</Filter>
    </ClCompile>
    <ClCompile Include="LV2\영어 끝말잇기\Source.cpp">
      <Filter>소스 파일</Filter>
    </ClCompile>
    <ClCompile Include="LV2\구명보트\Source.cpp">
      <Filter>소스 파일</Filter>
    </ClCompile>
    <ClCompile Include="LV2\N개의 최소공배수\Source.cpp">
      <Filter>소스 파일</Filter>
    </ClCompile>
    <ClCompile Include="LV2\멀리 뛰기\Source.cpp">
      <Filter>소스 파일</Filter>
    </ClCompile>
    <ClCompile Include="LV2\H-Index\Source.cpp">
      <Filter>소스 파일</Filter>
    </ClCompile>
    <ClCompile Include="LV2\행렬의 곱셈\Source.cpp">
      <Filter>소스 파일</Filter>
    </ClCompile>
    <ClCompile Include="LV2\기능개발\Source.cpp">
      <Filter>소스 파일</Filter>
    </ClCompile>
    <ClCompile Include="LV2\프린터\Source.cpp">
      <Filter>소스 파일</Filter>
    </ClCompile>
    <ClCompile Include="LV2\타겟 넘버\Source.cpp">
      <Filter>소스 파일</Filter>
    </ClCompile>
    <ClCompile Include="LV2\귤 고르기\Source.cpp">
      <Filter>소스 파일</Filter>
    </ClCompile>
    <ClCompile Include="LV2\압축\Source.cpp">
      <Filter>소스 파일</Filter>
    </ClCompile>
    <ClCompile Include="LV2\오픈채팅방\Source.cpp">
      <Filter>소스 파일</Filter>
    </ClCompile>
    <ClCompile Include="LV2\주차 요금 계산\Source.cpp">
      <Filter>소스 파일</Filter>
    </ClCompile>
    <ClCompile Include="LV2\피로도\Source.cpp">
      <Filter>소스 파일</Filter>
    </ClCompile>
    <ClCompile Include="LV2\주식가격\Source.cpp">
      <Filter>소스 파일</Filter>
    </ClCompile>
    <ClCompile Include="LV2\스킬트리\Source.cpp">
      <Filter>소스 파일</Filter>
    </ClCompile>
    <ClCompile Include="LV2\땅따먹기\Source.cpp">
      <Filter>소스 파일</Filter>
    </ClCompile>
    <ClCompile Include="LV2\2 X n 타일링\Source.cpp">
      <Filter>소스 파일</Filter>
    </ClCompile>
    <ClCompile Include="LV2\가장 큰 수\Source.cpp">
      <Filter>소스 파일</Filter>
    </ClCompile>
    <ClCompile Include="LV2\다리를 지나는 트럭\Source.cpp">
      <Filter>소스 파일</Filter>
    </ClCompile>
    <ClCompile Include="LV2\소수 찾기\Source.cpp">
      <Filter>소스 파일</Filter>
    </ClCompile>
    <ClCompile Include="LV2\삼각 달팽이\Source.cpp">
      <Filter>소스 파일</Filter>
    </ClCompile>
    <ClCompile Include="LV2\큰 수 만들기\Source.cpp">
      <Filter>소스 파일</Filter>
    </ClCompile>
    <ClCompile Include="LV2\메뉴 리뉴얼\Source.cpp">
      <Filter>소스 파일</Filter>
    </ClCompile>
    <ClCompile Include="LV2\수식 최대화\Source.cpp">
      <Filter>소스 파일</Filter>
    </ClCompile>
    <ClCompile Include="LV2\두 큐 합 같게 만들기\Source.cpp">
      <Filter>소스 파일</Filter>
    </ClCompile>
    <ClCompile Include="LV2\줄 서는 방법\Source.cpp">
      <Filter>소스 파일</Filter>
    </ClCompile>
    <ClCompile Include="LV2\가장 큰 정사각형 찾기\Source.cpp">
      <Filter>소스 파일</Filter>
    </ClCompile>
    <ClCompile Include="LV2\롤케이크 자르기\Source.cpp">
      <Filter>소스 파일</Filter>
    </ClCompile>
    <ClCompile Include="LV2\124 나라의 숫자\Source.cpp">
      <Filter>소스 파일</Filter>
    </ClCompile>
    <ClCompile Include="LV2\숫자 변환하기\Source.cpp">
      <Filter>소스 파일</Filter>
    </ClCompile>
    <ClCompile Include="LV2\택배상자\Source.cpp">
      <Filter>소스 파일</Filter>
    </ClCompile>
    <ClCompile Include="LV2\K진수에서 소수 개수 구하기\Source.cpp">
      <Filter>소스 파일</Filter>
    </ClCompile>
    <ClCompile Include="LV2\하노이의 탑\Source.cpp">
      <Filter>소스 파일</Filter>
    </ClCompile>
    <ClCompile Include="LV2\방문길이\Source.cpp">
      <Filter>소스 파일</Filter>
    </ClCompile>
    <ClCompile Include="LV2\2개 이하로 다른 비트\Source.cpp">
      <Filter>소스 파일</Filter>
    </ClCompile>
    <ClCompile Include="LV2\점 찍기\Source.cpp">
      <Filter>소스 파일</Filter>
    </ClCompile>
    <ClCompile Include="LV2\조이스틱\Source.cpp">
      <Filter>소스 파일</Filter>
    </ClCompile>
    <ClCompile Include="LV2\N-Queen\Source.cpp">
      <Filter>소스 파일</Filter>
    </ClCompile>
    <ClCompile Include="LV2\혼자 놀기의 달인\Source.cpp">
      <Filter>소스 파일</Filter>
    </ClCompile>
    <ClCompile Include="LV3\스티커 모으기(2)\Source.cpp">
      <Filter>소스 파일</Filter>
    </ClCompile>
    <ClCompile Include="LV3\거스름돈\Source.cpp">
      <Filter>소스 파일</Filter>
    </ClCompile>
    <ClCompile Include="LV3\[1차] 셔틀버스\Source.cpp">
      <Filter>소스 파일</Filter>
    </ClCompile>
    <ClCompile Include="LV3\여행경로\Source.cpp">
      <Filter>소스 파일</Filter>
    </ClCompile>
    <ClCompile Include="LV3\섬 연결하기\Source.cpp">
      <Filter>소스 파일</Filter>
    </ClCompile>
    <ClCompile Include="LV3\보석 쇼핑\Source.cpp">
      <Filter>소스 파일</Filter>
    </ClCompile>
    <ClCompile Include="LV3\불량 사용자\Source.cpp">
      <Filter>소스 파일</Filter>
    </ClCompile>
    <ClCompile Include="LV3\숫자 게임\Source.cpp">
      <Filter>소스 파일</Filter>
    </ClCompile>
    <ClCompile Include="LV3\단속카메라\Source.cpp">
      <Filter>소스 파일</Filter>
    </ClCompile>
    <ClCompile Include="LV3\등굣길\Source.cpp">
      <Filter>소스 파일</Filter>
    </ClCompile>
    <ClCompile Include="LV2\예상 대진표\Source.cpp">
      <Filter>소스 파일</Filter>
    </ClCompile>
    <ClCompile Include="LV2\점프와 순간 이동\Source.cpp">
      <Filter>소스 파일</Filter>
    </ClCompile>
    <ClCompile Include="LV2\괄호 회전하기\Source.cpp">
      <Filter>소스 파일</Filter>
    </ClCompile>
    <ClCompile Include="LV3\단어 변환\Source.cpp">
      <Filter>소스 파일</Filter>
    </ClCompile>
    <ClCompile Include="LV2\멀쩡한 사각형\Source.cpp">
      <Filter>소스 파일</Filter>
    </ClCompile>
    <ClCompile Include="LV2\뒤에 있는 큰 수 찾기\Source.cpp">
      <Filter>소스 파일</Filter>
    </ClCompile>
    <ClCompile Include="LV2\마법의 엘리베이터\Source.cpp">
      <Filter>소스 파일</Filter>
    </ClCompile>
    <ClCompile Include="LV2\배달\Source.cpp">
      <Filter>소스 파일</Filter>
    </ClCompile>
    <ClCompile Include="LV3\야근 지수\Source.cpp">
      <Filter>소스 파일</Filter>
    </ClCompile>
    <ClCompile Include="LV2\위장\Source.cpp">
      <Filter>소스 파일</Filter>
    </ClCompile>
    <ClCompile Include="LV2\전화번호 목록\Source.cpp">
      <Filter>소스 파일</Filter>
    </ClCompile>
    <ClCompile Include="LV2\괄호 변환\Source.cpp">
      <Filter>소스 파일</Filter>
    </ClCompile>
    <ClCompile Include="LV3\네트워크\Source.cpp">
      <Filter>소스 파일</Filter>
    </ClCompile>
    <ClCompile Include="LV2\숫자 블록\Source.cpp">
      <Filter>소스 파일</Filter>
    </ClCompile>
    <ClCompile Include="LV3\최고의 집합\Source.cpp">
      <Filter>소스 파일</Filter>
    </ClCompile>
    <ClCompile Include="LV3\정수 삼각형\Source.cpp">
      <Filter>소스 파일</Filter>
    </ClCompile>
    <ClCompile Include="LV3\이중우선순위큐\Source.cpp">
      <Filter>소스 파일</Filter>
    </ClCompile>
    <ClCompile Include="LV2\전력망을 둘로 나누기\Source.cpp">
      <Filter>소스 파일</Filter>
    </ClCompile>
    <ClCompile Include="LV2\호텔 대실\Source.cpp">
      <Filter>소스 파일</Filter>
    </ClCompile>
    <ClCompile Include="LV2\[1차] 뉴스 클러스터링\Source.cpp">
      <Filter>소스 파일</Filter>
    </ClCompile>
    <ClCompile Include="LV2\n^배열 자르기\Source.cpp">
      <Filter>소스 파일</Filter>
    </ClCompile>
    <ClCompile Include="LV2\시소 짝꿍\Source.cpp">
      <Filter>소스 파일</Filter>
    </ClCompile>
    <ClCompile Include="LV2\최대값과 최솟값\Source2.cpp">
      <Filter>소스 파일</Filter>
    </ClCompile>
    <ClCompile Include="LV2\올바른 괄호\Source2.cpp">
      <Filter>소스 파일</Filter>
    </ClCompile>
    <ClCompile Include="LV2\최솟값 만들기\Source2.cpp">
      <Filter>소스 파일</Filter>
    </ClCompile>
    <ClCompile Include="LV2\이진 변환 반복하기\Source2.cpp">
      <Filter>소스 파일</Filter>
    </ClCompile>
    <ClCompile Include="LV2\숫자의 표현\Source2.cpp">
      <Filter>소스 파일</Filter>
    </ClCompile>
    <ClCompile Include="LV2\피보나치 수열\Source2.cpp">
      <Filter>소스 파일</Filter>
    </ClCompile>
    <ClCompile Include="LV2\구명보트\Source2.cpp">
      <Filter>소스 파일</Filter>
    </ClCompile>
    <ClCompile Include="LV2\모음 사전\Source.cpp">
      <Filter>소스 파일</Filter>
    </ClCompile>
    <ClCompile Include="LV2\무인도 여행\Source.cpp">
      <Filter>소스 파일</Filter>
    </ClCompile>
    <ClCompile Include="LV2\무인도 여행\Source2.cpp">
      <Filter>소스 파일</Filter>
    </ClCompile>
    <ClCompile Include="LV2\미로 탈출\Source.cpp">
      <Filter>소스 파일</Filter>
    </ClCompile>
    <ClCompile Include="LV2\과제 진행하기\Source.cpp">
      <Filter>소스 파일</Filter>
    </ClCompile>
    <ClCompile Include="LV2\우박수열 정적분\Source.cpp">
      <Filter>소스 파일</Filter>
    </ClCompile>
    <ClCompile Include="LV2\두 원 사이의 정수 쌍\Source.cpp">
      <Filter>소스 파일</Filter>
    </ClCompile>
    <ClCompile Include="LV2\혼자서 하는 틱택토\Source.cpp">
      <Filter>소스 파일</Filter>
    </ClCompile>
    <ClCompile Include="LV2\숫자 카드 나누기\Source.cpp">
      <Filter>소스 파일</Filter>
    </ClCompile>
    <ClCompile Include="LV2\교점에 별 만들기\Source.cpp">
      <Filter>소스 파일</Filter>
    </ClCompile>
    <ClCompile Include="LV2\후보키\Source.cpp">
      <Filter>소스 파일</Filter>
    </ClCompile>
    <ClCompile Include="LV2\요격 시스템\Source.cpp">
      <Filter>소스 파일</Filter>
    </ClCompile>
    <ClCompile Include="LV2\쿼드압축 후 개수 세기\Source.cpp">
      <Filter>소스 파일</Filter>
    </ClCompile>
    <ClCompile Include="LV2\쿼드압축 후 개수 세기\Source2.cpp">
      <Filter>소스 파일</Filter>
    </ClCompile>
    <ClCompile Include="LV3\가장 먼 노드\Source.cpp">
      <Filter>소스 파일</Filter>
    </ClCompile>
    <ClCompile Include="LV3\가장 먼 노드\Source2.cpp">
      <Filter>소스 파일</Filter>
    </ClCompile>
    <ClCompile Include="LV3\입국심사\Source.cpp">
      <Filter>소스 파일</Filter>
    </ClCompile>
    <ClCompile Include="LV3\기지국 설치\Source.cpp">
      <Filter>소스 파일</Filter>
    </ClCompile>
    <ClCompile Include="LV2\[3차]파일명 정렬\Source.cpp">
      <Filter>소스 파일</Filter>
    </ClCompile>
    <ClCompile Include="LV2\징검다리 건너기\Source.cpp">
      <Filter>소스 파일</Filter>
    </ClCompile>
    <ClCompile Include="LV3\디스크 컨트롤러\Source.cpp">
      <Filter>소스 파일</Filter>
    </ClCompile>
    <ClCompile Include="LV2\행렬 테두리 회전하기\Source.cpp">
      <Filter>소스 파일</Filter>
    </ClCompile>
    <ClCompile Include="LV2\튜플\Source.cpp">
      <Filter>소스 파일</Filter>
    </ClCompile>
    <ClCompile Include="LV2\튜플\Source2.cpp">
      <Filter>소스 파일</Filter>
    </ClCompile>
    <ClCompile Include="LV3\베스트 앨범\Source.cpp">
      <Filter>소스 파일</Filter>
    </ClCompile>
    <ClCompile Include="HackerRank\Medium\Inherited code\Source.cpp">
      <Filter>소스 파일</Filter>
    </ClCompile>
    <ClCompile Include="HackerRank\Medium\Exceptional server\Source.cpp">
      <Filter>소스 파일</Filter>
    </ClCompile>
    <ClCompile Include="HackerRank\Medium\Virtual functions\Source.cpp">
      <Filter>소스 파일</Filter>
    </ClCompile>
    <ClCompile Include="HackerRank\Medium\Climbing the leaderboard\Source.cpp">
      <Filter>소스 파일</Filter>
    </ClCompile>
    <ClCompile Include="HackerRank\Medium\Queen%27s attack II\Source.cpp">
      <Filter>소스 파일</Filter>
    </ClCompile>
    <ClCompile Include="HackerRank\Medium\Forming a Magic Square\Source.cpp">
      <Filter>소스 파일</Filter>
    </ClCompile>
    <ClCompile Include="HackerRank\Medium\The Bomberman game\Source.cpp">
      <Filter>소스 파일</Filter>
    </ClCompile>
    <ClCompile Include="HackerRank\Medium\Larry%27s Array\Source.cpp">
      <Filter>소스 파일</Filter>
    </ClCompile>
    <ClCompile Include="HackerRank\Medium\The Grid Search\Source.cpp">
      <Filter>소스 파일</Filter>
    </ClCompile>
    <ClCompile Include="HackerRank\Medium\3D Surface Area\Source.cpp">
      <Filter>소스 파일</Filter>
    </ClCompile>
    <ClCompile Include="HackerRank\Medium\Common Child\Source.cpp">
      <Filter>소스 파일</Filter>
    </ClCompile>
    <ClCompile Include="HackerRank\Medium\Lily%27s Homework\Source.cpp">
      <Filter>소스 파일</Filter>
    </ClCompile>
    <ClCompile Include="HackerRank\Medium\Encryption\Source.cpp">
      <Filter>소스 파일</Filter>
    </ClCompile>
    <ClCompile Include="HackerRank\Medium\Extra Long Factorials\Source.cpp">
      <Filter>소스 파일</Filter>
    </ClCompile>
    <ClCompile Include="HackerRank\Medium\Bigger is Greater\Source.cpp">
      <Filter>소스 파일</Filter>
    </ClCompile>
    <ClCompile Include="HackerRank\Medium\Highest Value Palindrome\Source.cpp">
      <Filter>소스 파일</Filter>
    </ClCompile>
    <ClCompile Include="HackerRank\Medium\Almost Sorted\Source.cpp">
      <Filter>소스 파일</Filter>
    </ClCompile>
    <ClCompile Include="HackerRank\Medium\The Time In Words\Source.cpp">
      <Filter>소스 파일</Filter>
    </ClCompile>
    <ClCompile Include="LV2\거리두기 확인하기\Source.cpp">
      <Filter>소스 파일</Filter>
    </ClCompile>
    <ClCompile Include="LV2\테이블 해시 함수\Source.cpp">
      <Filter>소스 파일</Filter>
    </ClCompile>
    <ClCompile Include="LV3\가장 긴 팰린드롬\Source.cpp">
      <Filter>소스 파일</Filter>
    </ClCompile>
    <ClCompile Include="LV3\합승 택시 요금\Source.cpp">
      <Filter>소스 파일</Filter>
    </ClCompile>
    <ClCompile Include="LV3\합승 택시 요금\Source2.cpp">
      <Filter>소스 파일</Filter>
    </ClCompile>
    <ClCompile Include="LV2\디펜스 게임\Source.cpp">
      <Filter>소스 파일</Filter>
    </ClCompile>
    <ClCompile Include="LV2\이모티콘 행사\Source.cpp">
      <Filter>소스 파일</Filter>
    </ClCompile>
    <ClCompile Include="LV2\3 X n 타일링\Source.cpp">
      <Filter>소스 파일</Filter>
    </ClCompile>
    <ClCompile Include="LV3\연속 펄스 부분 수열의 합\Source.cpp">
      <Filter>소스 파일</Filter>
    </ClCompile>
  </ItemGroup>
</Project>